
Microsoft Visual Studio Solution File, Format Version 12.00
# Visual Studio 15
VisualStudioVersion = 15.0.27703.2026
MinimumVisualStudioVersion = 10.0.40219.1
Project("{FAE04EC0-301F-11D3-BF4B-00C04F79EFBC}") = "GameBasicsOpdracht", "GameBasicsOpdracht\GameBasicsOpdracht.csproj", "{A94501F7-10CF-48CF-BCF7-BE82CA189F15}"
EndProject
Global
	GlobalSection(SolutionConfigurationPlatforms) = preSolution
		Debug|Any CPU = Debug|Any CPU
		Release|Any CPU = Release|Any CPU
	EndGlobalSection
	GlobalSection(ProjectConfigurationPlatforms) = postSolution
		{A94501F7-10CF-48CF-BCF7-BE82CA189F15}.Debug|Any CPU.ActiveCfg = Debug|Any CPU
		{A94501F7-10CF-48CF-BCF7-BE82CA189F15}.Debug|Any CPU.Build.0 = Debug|Any CPU
		{A94501F7-10CF-48CF-BCF7-BE82CA189F15}.Release|Any CPU.ActiveCfg = Release|Any CPU
		{A94501F7-10CF-48CF-BCF7-BE82CA189F15}.Release|Any CPU.Build.0 = Release|Any CPU
	EndGlobalSection
	GlobalSection(SolutionProperties) = preSolution
		HideSolutionNode = FALSE
	EndGlobalSection
	GlobalSection(ExtensibilityGlobals) = postSolution
		SolutionGuid = {F81FA5FB-5F91-4E27-B4CC-3DDA601F2E82}
	EndGlobalSection
EndGlobal
